// !$*UTF8*$!
{
	archiveVersion = 1;
	classes = {
	};
	objectVersion = 48;
	objects = {

/* Begin PBXBuildFile section */
		844B0E2E1FA9907C0070B2EA /* AppDelegate.swift in Sources */ = {isa = PBXBuildFile; fileRef = 844B0E2D1FA9907C0070B2EA /* AppDelegate.swift */; };
		844B0E301FA9907C0070B2EA /* ViewController.swift in Sources */ = {isa = PBXBuildFile; fileRef = 844B0E2F1FA9907C0070B2EA /* ViewController.swift */; };
		844B0E331FA9907C0070B2EA /* Main.storyboard in Resources */ = {isa = PBXBuildFile; fileRef = 844B0E311FA9907C0070B2EA /* Main.storyboard */; };
		844B0E351FA9907C0070B2EA /* Assets.xcassets in Resources */ = {isa = PBXBuildFile; fileRef = 844B0E341FA9907C0070B2EA /* Assets.xcassets */; };
		844B0E381FA9907C0070B2EA /* LaunchScreen.storyboard in Resources */ = {isa = PBXBuildFile; fileRef = 844B0E361FA9907C0070B2EA /* LaunchScreen.storyboard */; };
		844B0E401FA996E20070B2EA /* desigview.swift in Sources */ = {isa = PBXBuildFile; fileRef = 844B0E3F1FA996E20070B2EA /* desigview.swift */; };
		844B0E421FA997AD0070B2EA /* HomeController.swift in Sources */ = {isa = PBXBuildFile; fileRef = 844B0E411FA997AD0070B2EA /* HomeController.swift */; };
		844B0E441FA9B44E0070B2EA /* RatingControl.swift in Sources */ = {isa = PBXBuildFile; fileRef = 844B0E431FA9B44E0070B2EA /* RatingControl.swift */; };
		844B0E461FA9CE3B0070B2EA /* SalonViewCell.swift in Sources */ = {isa = PBXBuildFile; fileRef = 844B0E451FA9CE3A0070B2EA /* SalonViewCell.swift */; };
		844B0E481FA9F0CB0070B2EA /* OffersController.swift in Sources */ = {isa = PBXBuildFile; fileRef = 844B0E471FA9F0CB0070B2EA /* OffersController.swift */; };
		844B0E4A1FA9F2890070B2EA /* OfferViewCell.swift in Sources */ = {isa = PBXBuildFile; fileRef = 844B0E491FA9F2890070B2EA /* OfferViewCell.swift */; };
/* End PBXBuildFile section */

/* Begin PBXFileReference section */
		844B0E2A1FA9907C0070B2EA /* Humble App.app */ = {isa = PBXFileReference; explicitFileType = wrapper.application; includeInIndex = 0; path = "Humble App.app"; sourceTree = BUILT_PRODUCTS_DIR; };
		844B0E2D1FA9907C0070B2EA /* AppDelegate.swift */ = {isa = PBXFileReference; lastKnownFileType = sourcecode.swift; path = AppDelegate.swift; sourceTree = "<group>"; };
		844B0E2F1FA9907C0070B2EA /* ViewController.swift */ = {isa = PBXFileReference; lastKnownFileType = sourcecode.swift; path = ViewController.swift; sourceTree = "<group>"; };
		844B0E321FA9907C0070B2EA /* Base */ = {isa = PBXFileReference; lastKnownFileType = file.storyboard; name = Base; path = Base.lproj/Main.storyboard; sourceTree = "<group>"; };
		844B0E341FA9907C0070B2EA /* Assets.xcassets */ = {isa = PBXFileReference; lastKnownFileType = folder.assetcatalog; path = Assets.xcassets; sourceTree = "<group>"; };
		844B0E371FA9907C0070B2EA /* Base */ = {isa = PBXFileReference; lastKnownFileType = file.storyboard; name = Base; path = Base.lproj/LaunchScreen.storyboard; sourceTree = "<group>"; };
		844B0E391FA9907C0070B2EA /* Info.plist */ = {isa = PBXFileReference; lastKnownFileType = text.plist.xml; path = Info.plist; sourceTree = "<group>"; };
		844B0E3F1FA996E20070B2EA /* desigview.swift */ = {isa = PBXFileReference; lastKnownFileType = sourcecode.swift; path = desigview.swift; sourceTree = "<group>"; };
		844B0E411FA997AD0070B2EA /* HomeController.swift */ = {isa = PBXFileReference; lastKnownFileType = sourcecode.swift; path = HomeController.swift; sourceTree = "<group>"; };
		844B0E431FA9B44E0070B2EA /* RatingControl.swift */ = {isa = PBXFileReference; lastKnownFileType = sourcecode.swift; path = RatingControl.swift; sourceTree = "<group>"; };
		844B0E451FA9CE3A0070B2EA /* SalonViewCell.swift */ = {isa = PBXFileReference; lastKnownFileType = sourcecode.swift; path = SalonViewCell.swift; sourceTree = "<group>"; };
		844B0E471FA9F0CB0070B2EA /* OffersController.swift */ = {isa = PBXFileReference; lastKnownFileType = sourcecode.swift; path = OffersController.swift; sourceTree = "<group>"; };
		844B0E491FA9F2890070B2EA /* OfferViewCell.swift */ = {isa = PBXFileReference; lastKnownFileType = sourcecode.swift; path = OfferViewCell.swift; sourceTree = "<group>"; };
/* End PBXFileReference section */

/* Begin PBXFrameworksBuildPhase section */
		844B0E271FA9907B0070B2EA /* Frameworks */ = {
			isa = PBXFrameworksBuildPhase;
			buildActionMask = 2147483647;
			files = (
			);
			runOnlyForDeploymentPostprocessing = 0;
		};
/* End PBXFrameworksBuildPhase section */

/* Begin PBXGroup section */
		844B0E211FA9907B0070B2EA = {
			isa = PBXGroup;
			children = (
				844B0E2C1FA9907C0070B2EA /* Humble App */,
				844B0E2B1FA9907C0070B2EA /* Products */,
			);
			sourceTree = "<group>";
		};
		844B0E2B1FA9907C0070B2EA /* Products */ = {
			isa = PBXGroup;
			children = (
				844B0E2A1FA9907C0070B2EA /* Humble App.app */,
			);
			name = Products;
			sourceTree = "<group>";
		};
		844B0E2C1FA9907C0070B2EA /* Humble App */ = {
			isa = PBXGroup;
			children = (
				844B0E2D1FA9907C0070B2EA /* AppDelegate.swift */,
				844B0E2F1FA9907C0070B2EA /* ViewController.swift */,
				844B0E3F1FA996E20070B2EA /* desigview.swift */,
				844B0E451FA9CE3A0070B2EA /* SalonViewCell.swift */,
				844B0E491FA9F2890070B2EA /* OfferViewCell.swift */,
				844B0E311FA9907C0070B2EA /* Main.storyboard */,
				844B0E431FA9B44E0070B2EA /* RatingControl.swift */,
				844B0E411FA997AD0070B2EA /* HomeController.swift */,
				844B0E471FA9F0CB0070B2EA /* OffersController.swift */,
				844B0E341FA9907C0070B2EA /* Assets.xcassets */,
				844B0E361FA9907C0070B2EA /* LaunchScreen.storyboard */,
				844B0E391FA9907C0070B2EA /* Info.plist */,
			);
			path = "Humble App";
			sourceTree = "<group>";
		};
/* End PBXGroup section */

/* Begin PBXNativeTarget section */
		844B0E291FA9907B0070B2EA /* Humble App */ = {
			isa = PBXNativeTarget;
			buildConfigurationList = 844B0E3C1FA9907C0070B2EA /* Build configuration list for PBXNativeTarget "Humble App" */;
			buildPhases = (
				844B0E261FA9907B0070B2EA /* Sources */,
				844B0E271FA9907B0070B2EA /* Frameworks */,
				844B0E281FA9907B0070B2EA /* Resources */,
			);
			buildRules = (
			);
			dependencies = (
			);
			name = "Humble App";
			productName = "Humble App";
			productReference = 844B0E2A1FA9907C0070B2EA /* Humble App.app */;
			productType = "com.apple.product-type.application";
		};
/* End PBXNativeTarget section */

/* Begin PBXProject section */
		844B0E221FA9907B0070B2EA /* Project object */ = {
			isa = PBXProject;
			attributes = {
				LastSwiftUpdateCheck = 0900;
				LastUpgradeCheck = 0900;
				ORGANIZATIONNAME = "globia Technologies";
				TargetAttributes = {
					844B0E291FA9907B0070B2EA = {
						CreatedOnToolsVersion = 9.0;
						ProvisioningStyle = Automatic;
					};
				};
			};
			buildConfigurationList = 844B0E251FA9907B0070B2EA /* Build configuration list for PBXProject "Humble App" */;
			compatibilityVersion = "Xcode 8.0";
			developmentRegion = en;
			hasScannedForEncodings = 0;
			knownRegions = (
				en,
				Base,
			);
			mainGroup = 844B0E211FA9907B0070B2EA;
			productRefGroup = 844B0E2B1FA9907C0070B2EA /* Products */;
			projectDirPath = "";
			projectRoot = "";
			targets = (
				844B0E291FA9907B0070B2EA /* Humble App */,
			);
		};
/* End PBXProject section */

/* Begin PBXResourcesBuildPhase section */
		844B0E281FA9907B0070B2EA /* Resources */ = {
			isa = PBXResourcesBuildPhase;
			buildActionMask = 2147483647;
			files = (
				844B0E381FA9907C0070B2EA /* LaunchScreen.storyboard in Resources */,
				844B0E351FA9907C0070B2EA /* Assets.xcassets in Resources */,
				844B0E331FA9907C0070B2EA /* Main.storyboard in Resources */,
			);
			runOnlyForDeploymentPostprocessing = 0;
		};
/* End PBXResourcesBuildPhase section */

/* Begin PBXSourcesBuildPhase section */
		844B0E261FA9907B0070B2EA /* Sources */ = {
			isa = PBXSourcesBuildPhase;
			buildActionMask = 2147483647;
			files = (
				844B0E461FA9CE3B0070B2EA /* SalonViewCell.swift in Sources */,
				844B0E421FA997AD0070B2EA /* HomeController.swift in Sources */,
				844B0E481FA9F0CB0070B2EA /* OffersController.swift in Sources */,
				844B0E4A1FA9F2890070B2EA /* OfferViewCell.swift in Sources */,
				844B0E401FA996E20070B2EA /* desigview.swift in Sources */,
				844B0E301FA9907C0070B2EA /* ViewController.swift in Sources */,
				844B0E441FA9B44E0070B2EA /* RatingControl.swift in Sources */,
				844B0E2E1FA9907C0070B2EA /* AppDelegate.swift in Sources */,
			);
			runOnlyForDeploymentPostprocessing = 0;
		};
/* End PBXSourcesBuildPhase section */

/* Begin PBXVariantGroup section */
		844B0E311FA9907C0070B2EA /* Main.storyboard */ = {
			isa = PBXVariantGroup;
			children = (
				844B0E321FA9907C0070B2EA /* Base */,
			);
			name = Main.storyboard;
			sourceTree = "<group>";
		};
		844B0E361FA9907C0070B2EA /* LaunchScreen.storyboard */ = {
			isa = PBXVariantGroup;
			children = (
				844B0E371FA9907C0070B2EA /* Base */,
			);
			name = LaunchScreen.storyboard;
			sourceTree = "<group>";
		};
/* End PBXVariantGroup section */

/* Begin XCBuildConfiguration section */
		844B0E3A1FA9907C0070B2EA /* Debug */ = {
			isa = XCBuildConfiguration;
			buildSettings = {
				ALWAYS_SEARCH_USER_PATHS = NO;
				CLANG_ANALYZER_NONNULL = YES;
				CLANG_ANALYZER_NUMBER_OBJECT_CONVERSION = YES_AGGRESSIVE;
				CLANG_CXX_LANGUAGE_STANDARD = "gnu++14";
				CLANG_CXX_LIBRARY = "libc++";
				CLANG_ENABLE_MODULES = YES;
				CLANG_ENABLE_OBJC_ARC = YES;
				CLANG_WARN_BLOCK_CAPTURE_AUTORELEASING = YES;
				CLANG_WARN_BOOL_CONVERSION = YES;
				CLANG_WARN_COMMA = YES;
				CLANG_WARN_CONSTANT_CONVERSION = YES;
				CLANG_WARN_DIRECT_OBJC_ISA_USAGE = YES_ERROR;
				CLANG_WARN_DOCUMENTATION_COMMENTS = YES;
				CLANG_WARN_EMPTY_BODY = YES;
				CLANG_WARN_ENUM_CONVERSION = YES;
				CLANG_WARN_INFINITE_RECURSION = YES;
				CLANG_WARN_INT_CONVERSION = YES;
				CLANG_WARN_NON_LITERAL_NULL_CONVERSION = YES;
				CLANG_WARN_OBJC_LITERAL_CONVERSION = YES;
				CLANG_WARN_OBJC_ROOT_CLASS = YES_ERROR;
				CLANG_WARN_RANGE_LOOP_ANALYSIS = YES;
				CLANG_WARN_STRICT_PROTOTYPES = YES;
				CLANG_WARN_SUSPICIOUS_MOVE = YES;
				CLANG_WARN_UNGUARDED_AVAILABILITY = YES_AGGRESSIVE;
				CLANG_WARN_UNREACHABLE_CODE = YES;
				CLANG_WARN__DUPLICATE_METHOD_MATCH = YES;
				CODE_SIGN_IDENTITY = "iPhone Developer";
				COPY_PHASE_STRIP = NO;
				DEBUG_INFORMATION_FORMAT = dwarf;
				ENABLE_STRICT_OBJC_MSGSEND = YES;
				ENABLE_TESTABILITY = YES;
				GCC_C_LANGUAGE_STANDARD = gnu11;
				GCC_DYNAMIC_NO_PIC = NO;
				GCC_NO_COMMON_BLOCKS = YES;
				GCC_OPTIMIZATION_LEVEL = 0;
				GCC_PREPROCESSOR_DEFINITIONS = (
					"DEBUG=1",
					"$(inherited)",
				);
				GCC_WARN_64_TO_32_BIT_CONVERSION = YES;
				GCC_WARN_ABOUT_RETURN_TYPE = YES_ERROR;
				GCC_WARN_UNDECLARED_SELECTOR = YES;
				GCC_WARN_UNINITIALIZED_AUTOS = YES_AGGRESSIVE;
				GCC_WARN_UNUSED_FUNCTION = YES;
				GCC_WARN_UNUSED_VARIABLE = YES;
				IPHONEOS_DEPLOYMENT_TARGET = 11.0;
				MTL_ENABLE_DEBUG_INFO = YES;
				ONLY_ACTIVE_ARCH = YES;
				SDKROOT = iphoneos;
				SWIFT_ACTIVE_COMPILATION_CONDITIONS = DEBUG;
				SWIFT_OPTIMIZATION_LEVEL = "-Onone";
			};
			name = Debug;
		};
		844B0E3B1FA9907C0070B2EA /* Release */ = {
			isa = XCBuildConfiguration;
			buildSettings = {
				ALWAYS_SEARCH_USER_PATHS = NO;
				CLANG_ANALYZER_NONNULL = YES;
				CLANG_ANALYZER_NUMBER_OBJECT_CONVERSION = YES_AGGRESSIVE;
				CLANG_CXX_LANGUAGE_STANDARD = "gnu++14";
				CLANG_CXX_LIBRARY = "libc++";
				CLANG_ENABLE_MODULES = YES;
				CLANG_ENABLE_OBJC_ARC = YES;
				CLANG_WARN_BLOCK_CAPTURE_AUTORELEASING = YES;
				CLANG_WARN_BOOL_CONVERSION = YES;
				CLANG_WARN_COMMA = YES;
				CLANG_WARN_CONSTANT_CONVERSION = YES;
				CLANG_WARN_DIRECT_OBJC_ISA_USAGE = YES_ERROR;
				CLANG_WARN_DOCUMENTATION_COMMENTS = YES;
				CLANG_WARN_EMPTY_BODY = YES;
				CLANG_WARN_ENUM_CONVERSION = YES;
				CLANG_WARN_INFINITE_RECURSION = YES;
				CLANG_WARN_INT_CONVERSION = YES;
				CLANG_WARN_NON_LITERAL_NULL_CONVERSION = YES;
				CLANG_WARN_OBJC_LITERAL_CONVERSION = YES;
				CLANG_WARN_OBJC_ROOT_CLASS = YES_ERROR;
				CLANG_WARN_RANGE_LOOP_ANALYSIS = YES;
				CLANG_WARN_STRICT_PROTOTYPES = YES;
				CLANG_WARN_SUSPICIOUS_MOVE = YES;
				CLANG_WARN_UNGUARDED_AVAILABILITY = YES_AGGRESSIVE;
				CLANG_WARN_UNREACHABLE_CODE = YES;
				CLANG_WARN__DUPLICATE_METHOD_MATCH = YES;
				CODE_SIGN_IDENTITY = "iPhone Developer";
				COPY_PHASE_STRIP = NO;
				DEBUG_INFORMATION_FORMAT = "dwarf-with-dsym";
				ENABLE_NS_ASSERTIONS = NO;
				ENABLE_STRICT_OBJC_MSGSEND = YES;
				GCC_C_LANGUAGE_STANDARD = gnu11;
				GCC_NO_COMMON_BLOCKS = YES;
				GCC_WARN_64_TO_32_BIT_CONVERSION = YES;
				GCC_WARN_ABOUT_RETURN_TYPE = YES_ERROR;
				GCC_WARN_UNDECLARED_SELECTOR = YES;
				GCC_WARN_UNINITIALIZED_AUTOS = YES_AGGRESSIVE;
				GCC_WARN_UNUSED_FUNCTION = YES;
				GCC_WARN_UNUSED_VARIABLE = YES;
				IPHONEOS_DEPLOYMENT_TARGET = 11.0;
				MTL_ENABLE_DEBUG_INFO = NO;
				SDKROOT = iphoneos;
				SWIFT_OPTIMIZATION_LEVEL = "-Owholemodule";
				VALIDATE_PRODUCT = YES;
			};
			name = Release;
		};
		844B0E3D1FA9907C0070B2EA /* Debug */ = {
			isa = XCBuildConfiguration;
			buildSettings = {
				ASSETCATALOG_COMPILER_APPICON_NAME = AppIcon;
				CODE_SIGN_STYLE = Automatic;
				DEVELOPMENT_TEAM = LWN8RB5558;
				INFOPLIST_FILE = "Humble App/Info.plist";
				IPHONEOS_DEPLOYMENT_TARGET = 9.3;
				LD_RUNPATH_SEARCH_PATHS = "$(inherited) @executable_path/Frameworks";
				PRODUCT_BUNDLE_IDENTIFIER = "globiatechnologies.zainnomi.Humble-App";
				PRODUCT_NAME = "$(TARGET_NAME)";
				SWIFT_VERSION = 4.0;
				TARGETED_DEVICE_FAMILY = "1,2";
			};
			name = Debug;
		};
		844B0E3E1FA9907C0070B2EA /* Release */ = {
			isa = XCBuildConfiguration;
			buildSettings = {
				ASSETCATALOG_COMPILER_APPICON_NAME = AppIcon;
				CODE_SIGN_STYLE = Automatic;
				DEVELOPMENT_TEAM = LWN8RB5558;
				INFOPLIST_FILE = "Humble App/Info.plist";
				IPHONEOS_DEPLOYMENT_TARGET = 9.3;
				LD_RUNPATH_SEARCH_PATHS = "$(inherited) @executable_path/Frameworks";
				PRODUCT_BUNDLE_IDENTIFIER = "globiatechnologies.zainnomi.Humble-App";
				PRODUCT_NAME = "$(TARGET_NAME)";
				SWIFT_VERSION = 4.0;
				TARGETED_DEVICE_FAMILY = "1,2";
			};
			name = Release;
		};
/* End XCBuildConfiguration section */

/* Begin XCConfigurationList section */
		844B0E251FA9907B0070B2EA /* Build configuration list for PBXProject "Humble App" */ = {
			isa = XCConfigurationList;
			buildConfigurations = (
				844B0E3A1FA9907C0070B2EA /* Debug */,
				844B0E3B1FA9907C0070B2EA /* Release */,
			);
			defaultConfigurationIsVisible = 0;
			defaultConfigurationName = Release;
		};
		844B0E3C1FA9907C0070B2EA /* Build configuration list for PBXNativeTarget "Humble App" */ = {
			isa = XCConfigurationList;
			buildConfigurations = (
				844B0E3D1FA9907C0070B2EA /* Debug */,
				844B0E3E1FA9907C0070B2EA /* Release */,
			);
			defaultConfigurationIsVisible = 0;
			defaultConfigurationName = Release;
		};
/* End XCConfigurationList section */
	};
	rootObject = 844B0E221FA9907B0070B2EA /* Project object */;
}
